
Microsoft Visual Studio Solution File, Format Version 12.00
# Visual Studio Version 16
VisualStudioVersion = 16.0.29613.14
MinimumVisualStudioVersion = 15.0.26124.0
Project("{9A19103F-16F7-4668-BE54-9A1E7A4F7556}") = "RealtimeOrders.Client.Console", "RealtimeOrders.Client.Console\RealtimeOrders.Client.Console.csproj", "{0CCC9091-484D-4638-8D81-DC774B27E070}"
EndProject
Project("{9A19103F-16F7-4668-BE54-9A1E7A4F7556}") = "RealtimeOrders.Helper", "RealtimeOrders.Helper\RealtimeOrders.Helper.csproj", "{D74108F9-FC43-425E-995A-CA788C5194C8}"
EndProject
Project("{9A19103F-16F7-4668-BE54-9A1E7A4F7556}") = "RealtimeOrders.API", "RealtimeOrders.API\RealtimeOrders.API.csproj", "{8CE3B3C0-8860-4467-A637-FE19490F4224}"
EndProject
Project("{E53339B2-1760-4266-BCC7-CA923CBCF16C}") = "docker-compose", "docker-compose.dcproj", "{AC5C11A6-A124-41F4-A776-75975FF6441A}"
EndProject
Global
	GlobalSection(SolutionConfigurationPlatforms) = preSolution
		Debug|Any CPU = Debug|Any CPU
		Debug|x64 = Debug|x64
		Debug|x86 = Debug|x86
		Release|Any CPU = Release|Any CPU
		Release|x64 = Release|x64
		Release|x86 = Release|x86
	EndGlobalSection
	GlobalSection(ProjectConfigurationPlatforms) = postSolution
		{0CCC9091-484D-4638-8D81-DC774B27E070}.Debug|Any CPU.ActiveCfg = Debug|Any CPU
		{0CCC9091-484D-4638-8D81-DC774B27E070}.Debug|Any CPU.Build.0 = Debug|Any CPU
		{0CCC9091-484D-4638-8D81-DC774B27E070}.Debug|x64.ActiveCfg = Debug|Any CPU
		{0CCC9091-484D-4638-8D81-DC774B27E070}.Debug|x64.Build.0 = Debug|Any CPU
		{0CCC9091-484D-4638-8D81-DC774B27E070}.Debug|x86.ActiveCfg = Debug|Any CPU
		{0CCC9091-484D-4638-8D81-DC774B27E070}.Debug|x86.Build.0 = Debug|Any CPU
		{0CCC9091-484D-4638-8D81-DC774B27E070}.Release|Any CPU.ActiveCfg = Release|Any CPU
		{0CCC9091-484D-4638-8D81-DC774B27E070}.Release|Any CPU.Build.0 = Release|Any CPU
		{0CCC9091-484D-4638-8D81-DC774B27E070}.Release|x64.ActiveCfg = Release|Any CPU
		{0CCC9091-484D-4638-8D81-DC774B27E070}.Release|x64.Build.0 = Release|Any CPU
		{0CCC9091-484D-4638-8D81-DC774B27E070}.Release|x86.ActiveCfg = Release|Any CPU
		{0CCC9091-484D-4638-8D81-DC774B27E070}.Release|x86.Build.0 = Release|Any CPU
		{D74108F9-FC43-425E-995A-CA788C5194C8}.Debug|Any CPU.ActiveCfg = Debug|Any CPU
		{D74108F9-FC43-425E-995A-CA788C5194C8}.Debug|Any CPU.Build.0 = Debug|Any CPU
		{D74108F9-FC43-425E-995A-CA788C5194C8}.Debug|x64.ActiveCfg = Debug|Any CPU
		{D74108F9-FC43-425E-995A-CA788C5194C8}.Debug|x64.Build.0 = Debug|Any CPU
		{D74108F9-FC43-425E-995A-CA788C5194C8}.Debug|x86.ActiveCfg = Debug|Any CPU
		{D74108F9-FC43-425E-995A-CA788C5194C8}.Debug|x86.Build.0 = Debug|Any CPU
		{D74108F9-FC43-425E-995A-CA788C5194C8}.Release|Any CPU.ActiveCfg = Release|Any CPU
		{D74108F9-FC43-425E-995A-CA788C5194C8}.Release|Any CPU.Build.0 = Release|Any CPU
		{D74108F9-FC43-425E-995A-CA788C5194C8}.Release|x64.ActiveCfg = Release|Any CPU
		{D74108F9-FC43-425E-995A-CA788C5194C8}.Release|x64.Build.0 = Release|Any CPU
		{D74108F9-FC43-425E-995A-CA788C5194C8}.Release|x86.ActiveCfg = Release|Any CPU
		{D74108F9-FC43-425E-995A-CA788C5194C8}.Release|x86.Build.0 = Release|Any CPU
		{8CE3B3C0-8860-4467-A637-FE19490F4224}.Debug|Any CPU.ActiveCfg = Debug|Any CPU
		{8CE3B3C0-8860-4467-A637-FE19490F4224}.Debug|Any CPU.Build.0 = Debug|Any CPU
		{8CE3B3C0-8860-4467-A637-FE19490F4224}.Debug|x64.ActiveCfg = Debug|Any CPU
		{8CE3B3C0-8860-4467-A637-FE19490F4224}.Debug|x64.Build.0 = Debug|Any CPU
		{8CE3B3C0-8860-4467-A637-FE19490F4224}.Debug|x86.ActiveCfg = Debug|Any CPU
		{8CE3B3C0-8860-4467-A637-FE19490F4224}.Debug|x86.Build.0 = Debug|Any CPU
		{8CE3B3C0-8860-4467-A637-FE19490F4224}.Release|Any CPU.ActiveCfg = Release|Any CPU
		{8CE3B3C0-8860-4467-A637-FE19490F4224}.Release|Any CPU.Build.0 = Release|Any CPU
		{8CE3B3C0-8860-4467-A637-FE19490F4224}.Release|x64.ActiveCfg = Release|Any CPU
		{8CE3B3C0-8860-4467-A637-FE19490F4224}.Release|x64.Build.0 = Release|Any CPU
		{8CE3B3C0-8860-4467-A637-FE19490F4224}.Release|x86.ActiveCfg = Release|Any CPU
		{8CE3B3C0-8860-4467-A637-FE19490F4224}.Release|x86.Build.0 = Release|Any CPU
		{AC5C11A6-A124-41F4-A776-75975FF6441A}.Debug|Any CPU.ActiveCfg = Debug|Any CPU
		{AC5C11A6-A124-41F4-A776-75975FF6441A}.Debug|Any CPU.Build.0 = Debug|Any CPU
		{AC5C11A6-A124-41F4-A776-75975FF6441A}.Debug|x64.ActiveCfg = Debug|Any CPU
		{AC5C11A6-A124-41F4-A776-75975FF6441A}.Debug|x64.Build.0 = Debug|Any CPU
		{AC5C11A6-A124-41F4-A776-75975FF6441A}.Debug|x86.ActiveCfg = Debug|Any CPU
		{AC5C11A6-A124-41F4-A776-75975FF6441A}.Debug|x86.Build.0 = Debug|Any CPU
		{AC5C11A6-A124-41F4-A776-75975FF6441A}.Release|Any CPU.ActiveCfg = Release|Any CPU
		{AC5C11A6-A124-41F4-A776-75975FF6441A}.Release|Any CPU.Build.0 = Release|Any CPU
		{AC5C11A6-A124-41F4-A776-75975FF6441A}.Release|x64.ActiveCfg = Release|Any CPU
		{AC5C11A6-A124-41F4-A776-75975FF6441A}.Release|x64.Build.0 = Release|Any CPU
		{AC5C11A6-A124-41F4-A776-75975FF6441A}.Release|x86.ActiveCfg = Release|Any CPU
		{AC5C11A6-A124-41F4-A776-75975FF6441A}.Release|x86.Build.0 = Release|Any CPU
	EndGlobalSection
	GlobalSection(SolutionProperties) = preSolution
		HideSolutionNode = FALSE
	EndGlobalSection
	GlobalSection(ExtensibilityGlobals) = postSolution
		SolutionGuid = {CC1D6DBB-75BD-4CB8-A354-9E408E1F8FA1}
	EndGlobalSection
EndGlobal
